
Microsoft Visual Studio Solution File, Format Version 12.00
# Visual Studio Version 17
VisualStudioVersion = 17.12.35527.113 d17.12
MinimumVisualStudioVersion = 10.0.40219.1
Project("{FAE04EC0-301F-11D3-BF4B-00C04F79EFBC}") = "Municipality.Api", "Municipality.Api\Municipality.Api.csproj", "{062F5D27-61C7-4173-868E-5261678EB951}"
EndProject
Global
	GlobalSection(SolutionConfigurationPlatforms) = preSolution
		Debug|Any CPU = Debug|Any CPU
		Release|Any CPU = Release|Any CPU
	EndGlobalSection
	GlobalSection(ProjectConfigurationPlatforms) = postSolution
		{062F5D27-61C7-4173-868E-5261678EB951}.Debug|Any CPU.ActiveCfg = Debug|Any CPU
		{062F5D27-61C7-4173-868E-5261678EB951}.Debug|Any CPU.Build.0 = Debug|Any CPU
		{062F5D27-61C7-4173-868E-5261678EB951}.Release|Any CPU.ActiveCfg = Release|Any CPU
		{062F5D27-61C7-4173-868E-5261678EB951}.Release|Any CPU.Build.0 = Release|Any CPU
	EndGlobalSection
	GlobalSection(SolutionProperties) = preSolution
		HideSolutionNode = FALSE
	EndGlobalSection
EndGlobal
